{
  "originHash" : "50a7be36106d362cea9ca5c2c830a2f387cb07735539d5ea5e0e8c8ca642f0b9",
  "pins" : [
    {
      "identity" : "tmdb-swift",
      "kind" : "remoteSourceControl",
      "location" : "https://github.com/igorcamilo/tmdb-swift.git",
      "state" : {
        "revision" : "e5f07f6b673433235982310c83b8d71c9a506e25",
        "version" : "0.3.0"
      }
    }
  ],
  "version" : 3
}
