{
  "originHash" : "50a7be36106d362cea9ca5c2c830a2f387cb07735539d5ea5e0e8c8ca642f0b9",
  "pins" : [
    {
      "identity" : "tmdb-swift",
      "kind" : "remoteSourceControl",
      "location" : "https://github.com/igorcamilo/tmdb-swift.git",
      "state" : {
        "revision" : "cad88f358b0b81fd0b5417f004b2a8057c6000e6",
        "version" : "0.5.0"
      }
    }
  ],
  "version" : 3
}
